
Microsoft Visual Studio Solution File, Format Version 12.00
# Visual Studio Version 17
VisualStudioVersion = 17.0.31903.59
MinimumVisualStudioVersion = 10.0.40219.1
Project("{2150E333-8FDC-42A3-9474-1A3956D46DE8}") = "src", "src", "{827E0CD3-B72D-47B6-A68D-7590B98EB39B}"
EndProject
Project("{FAE04EC0-301F-11D3-BF4B-00C04F79EFBC}") = "BasketballManager", "src\BasketballManager\BasketballManager.csproj", "{9961D4EF-6C10-4C40-91CC-D6F6E8473906}"
EndProject
Project("{FAE04EC0-301F-11D3-BF4B-00C04F79EFBC}") = "BasketballManager.Core", "src\BasketballManager.Core\BasketballManager.Core.csproj", "{640D24F5-1479-49EB-A502-68111784B754}"
EndProject
Project("{FAE04EC0-301F-11D3-BF4B-00C04F79EFBC}") = "BasketballManager.Api", "src\BasketballManager.Api\BasketballManager.Api.csproj", "{F4447342-560C-44C7-88A0-65113D288A1E}"
EndProject
Project("{FAE04EC0-301F-11D3-BF4B-00C04F79EFBC}") = "BasketballManager.Desktop", "src\BasketballManager.Desktop\BasketballManager.Desktop.csproj", "{BDDEFEDB-2CD3-4F1E-A129-BE0C63317B0B}"
EndProject
Project("{FAE04EC0-301F-11D3-BF4B-00C04F79EFBC}") = "BasketballManager.Seed", "src\BasketballManager.Seed\BasketballManager.Seed.csproj", "{D0740533-A745-466B-A3D2-9B873916D3EA}"
EndProject
Global
	GlobalSection(SolutionConfigurationPlatforms) = preSolution
		Debug|Any CPU = Debug|Any CPU
		Debug|x64 = Debug|x64
		Debug|x86 = Debug|x86
		Release|Any CPU = Release|Any CPU
		Release|x64 = Release|x64
		Release|x86 = Release|x86
	EndGlobalSection
	GlobalSection(ProjectConfigurationPlatforms) = postSolution
		{9961D4EF-6C10-4C40-91CC-D6F6E8473906}.Debug|Any CPU.ActiveCfg = Debug|Any CPU
		{9961D4EF-6C10-4C40-91CC-D6F6E8473906}.Debug|Any CPU.Build.0 = Debug|Any CPU
		{9961D4EF-6C10-4C40-91CC-D6F6E8473906}.Debug|x64.ActiveCfg = Debug|Any CPU
		{9961D4EF-6C10-4C40-91CC-D6F6E8473906}.Debug|x64.Build.0 = Debug|Any CPU
		{9961D4EF-6C10-4C40-91CC-D6F6E8473906}.Debug|x86.ActiveCfg = Debug|Any CPU
		{9961D4EF-6C10-4C40-91CC-D6F6E8473906}.Debug|x86.Build.0 = Debug|Any CPU
		{9961D4EF-6C10-4C40-91CC-D6F6E8473906}.Release|Any CPU.ActiveCfg = Release|Any CPU
		{9961D4EF-6C10-4C40-91CC-D6F6E8473906}.Release|Any CPU.Build.0 = Release|Any CPU
		{9961D4EF-6C10-4C40-91CC-D6F6E8473906}.Release|x64.ActiveCfg = Release|Any CPU
		{9961D4EF-6C10-4C40-91CC-D6F6E8473906}.Release|x64.Build.0 = Release|Any CPU
		{9961D4EF-6C10-4C40-91CC-D6F6E8473906}.Release|x86.ActiveCfg = Release|Any CPU
		{9961D4EF-6C10-4C40-91CC-D6F6E8473906}.Release|x86.Build.0 = Release|Any CPU
		{640D24F5-1479-49EB-A502-68111784B754}.Debug|Any CPU.ActiveCfg = Debug|Any CPU
		{640D24F5-1479-49EB-A502-68111784B754}.Debug|Any CPU.Build.0 = Debug|Any CPU
		{640D24F5-1479-49EB-A502-68111784B754}.Debug|x64.ActiveCfg = Debug|Any CPU
		{640D24F5-1479-49EB-A502-68111784B754}.Debug|x64.Build.0 = Debug|Any CPU
		{640D24F5-1479-49EB-A502-68111784B754}.Debug|x86.ActiveCfg = Debug|Any CPU
		{640D24F5-1479-49EB-A502-68111784B754}.Debug|x86.Build.0 = Debug|Any CPU
		{640D24F5-1479-49EB-A502-68111784B754}.Release|Any CPU.ActiveCfg = Release|Any CPU
		{640D24F5-1479-49EB-A502-68111784B754}.Release|Any CPU.Build.0 = Release|Any CPU
		{640D24F5-1479-49EB-A502-68111784B754}.Release|x64.ActiveCfg = Release|Any CPU
		{640D24F5-1479-49EB-A502-68111784B754}.Release|x64.Build.0 = Release|Any CPU
		{640D24F5-1479-49EB-A502-68111784B754}.Release|x86.ActiveCfg = Release|Any CPU
		{640D24F5-1479-49EB-A502-68111784B754}.Release|x86.Build.0 = Release|Any CPU
		{F4447342-560C-44C7-88A0-65113D288A1E}.Debug|Any CPU.ActiveCfg = Debug|Any CPU
		{F4447342-560C-44C7-88A0-65113D288A1E}.Debug|Any CPU.Build.0 = Debug|Any CPU
		{F4447342-560C-44C7-88A0-65113D288A1E}.Debug|x64.ActiveCfg = Debug|Any CPU
		{F4447342-560C-44C7-88A0-65113D288A1E}.Debug|x64.Build.0 = Debug|Any CPU
		{F4447342-560C-44C7-88A0-65113D288A1E}.Debug|x86.ActiveCfg = Debug|Any CPU
		{F4447342-560C-44C7-88A0-65113D288A1E}.Debug|x86.Build.0 = Debug|Any CPU
		{F4447342-560C-44C7-88A0-65113D288A1E}.Release|Any CPU.ActiveCfg = Release|Any CPU
		{F4447342-560C-44C7-88A0-65113D288A1E}.Release|Any CPU.Build.0 = Release|Any CPU
		{F4447342-560C-44C7-88A0-65113D288A1E}.Release|x64.ActiveCfg = Release|Any CPU
		{F4447342-560C-44C7-88A0-65113D288A1E}.Release|x64.Build.0 = Release|Any CPU
		{F4447342-560C-44C7-88A0-65113D288A1E}.Release|x86.ActiveCfg = Release|Any CPU
		{F4447342-560C-44C7-88A0-65113D288A1E}.Release|x86.Build.0 = Release|Any CPU
		{BDDEFEDB-2CD3-4F1E-A129-BE0C63317B0B}.Debug|Any CPU.ActiveCfg = Debug|Any CPU
		{BDDEFEDB-2CD3-4F1E-A129-BE0C63317B0B}.Debug|Any CPU.Build.0 = Debug|Any CPU
		{BDDEFEDB-2CD3-4F1E-A129-BE0C63317B0B}.Debug|x64.ActiveCfg = Debug|Any CPU
		{BDDEFEDB-2CD3-4F1E-A129-BE0C63317B0B}.Debug|x64.Build.0 = Debug|Any CPU
		{BDDEFEDB-2CD3-4F1E-A129-BE0C63317B0B}.Debug|x86.ActiveCfg = Debug|Any CPU
		{BDDEFEDB-2CD3-4F1E-A129-BE0C63317B0B}.Debug|x86.Build.0 = Debug|Any CPU
		{BDDEFEDB-2CD3-4F1E-A129-BE0C63317B0B}.Release|Any CPU.ActiveCfg = Release|Any CPU
		{BDDEFEDB-2CD3-4F1E-A129-BE0C63317B0B}.Release|Any CPU.Build.0 = Release|Any CPU
		{BDDEFEDB-2CD3-4F1E-A129-BE0C63317B0B}.Release|x64.ActiveCfg = Release|Any CPU
		{BDDEFEDB-2CD3-4F1E-A129-BE0C63317B0B}.Release|x64.Build.0 = Release|Any CPU
		{BDDEFEDB-2CD3-4F1E-A129-BE0C63317B0B}.Release|x86.ActiveCfg = Release|Any CPU
		{BDDEFEDB-2CD3-4F1E-A129-BE0C63317B0B}.Release|x86.Build.0 = Release|Any CPU
		{D0740533-A745-466B-A3D2-9B873916D3EA}.Debug|Any CPU.ActiveCfg = Debug|Any CPU
		{D0740533-A745-466B-A3D2-9B873916D3EA}.Debug|Any CPU.Build.0 = Debug|Any CPU
		{D0740533-A745-466B-A3D2-9B873916D3EA}.Debug|x64.ActiveCfg = Debug|Any CPU
		{D0740533-A745-466B-A3D2-9B873916D3EA}.Debug|x64.Build.0 = Debug|Any CPU
		{D0740533-A745-466B-A3D2-9B873916D3EA}.Debug|x86.ActiveCfg = Debug|Any CPU
		{D0740533-A745-466B-A3D2-9B873916D3EA}.Debug|x86.Build.0 = Debug|Any CPU
		{D0740533-A745-466B-A3D2-9B873916D3EA}.Release|Any CPU.ActiveCfg = Release|Any CPU
		{D0740533-A745-466B-A3D2-9B873916D3EA}.Release|Any CPU.Build.0 = Release|Any CPU
		{D0740533-A745-466B-A3D2-9B873916D3EA}.Release|x64.ActiveCfg = Release|Any CPU
		{D0740533-A745-466B-A3D2-9B873916D3EA}.Release|x64.Build.0 = Release|Any CPU
		{D0740533-A745-466B-A3D2-9B873916D3EA}.Release|x86.ActiveCfg = Release|Any CPU
		{D0740533-A745-466B-A3D2-9B873916D3EA}.Release|x86.Build.0 = Release|Any CPU
	EndGlobalSection
	GlobalSection(SolutionProperties) = preSolution
		HideSolutionNode = FALSE
	EndGlobalSection
	GlobalSection(NestedProjects) = preSolution
		{9961D4EF-6C10-4C40-91CC-D6F6E8473906} = {827E0CD3-B72D-47B6-A68D-7590B98EB39B}
		{640D24F5-1479-49EB-A502-68111784B754} = {827E0CD3-B72D-47B6-A68D-7590B98EB39B}
		{F4447342-560C-44C7-88A0-65113D288A1E} = {827E0CD3-B72D-47B6-A68D-7590B98EB39B}
		{BDDEFEDB-2CD3-4F1E-A129-BE0C63317B0B} = {827E0CD3-B72D-47B6-A68D-7590B98EB39B}
		{D0740533-A745-466B-A3D2-9B873916D3EA} = {827E0CD3-B72D-47B6-A68D-7590B98EB39B}
	EndGlobalSection
EndGlobal
